// !$*UTF8*$!
{
	archiveVersion = 1;
	classes = {
	};
	objectVersion = 46;
	objects = {

/* Begin PBXBuildFile section */
		D48724FC1C88A86000E74A33 /* main.m in Sources */ = {isa = PBXBuildFile; fileRef = D48724FB1C88A86000E74A33 /* main.m */; };
		D48724FF1C88A86000E74A33 /* AppDelegate.m in Sources */ = {isa = PBXBuildFile; fileRef = D48724FE1C88A86000E74A33 /* AppDelegate.m */; };
		D48725021C88A86000E74A33 /* ViewController.m in Sources */ = {isa = PBXBuildFile; fileRef = D48725011C88A86000E74A33 /* ViewController.m */; };
		D48725071C88A86000E74A33 /* Assets.xcassets in Resources */ = {isa = PBXBuildFile; fileRef = D48725061C88A86000E74A33 /* Assets.xcassets */; };
		D487250A1C88A86000E74A33 /* LaunchScreen.storyboard in Resources */ = {isa = PBXBuildFile; fileRef = D48725081C88A86000E74A33 /* LaunchScreen.storyboard */; };
		D48725141C88D08F00E74A33 /* CustomCell.m in Sources */ = {isa = PBXBuildFile; fileRef = D48725131C88D08F00E74A33 /* CustomCell.m */; };
/* End PBXBuildFile section */

/* Begin PBXFileReference section */
		D48724F71C88A86000E74A33 /* TableFlip.app */ = {isa = PBXFileReference; explicitFileType = wrapper.application; includeInIndex = 0; path = TableFlip.app; sourceTree = BUILT_PRODUCTS_DIR; };
		D48724FB1C88A86000E74A33 /* main.m */ = {isa = PBXFileReference; lastKnownFileType = sourcecode.c.objc; path = main.m; sourceTree = "<group>"; };
		D48724FD1C88A86000E74A33 /* AppDelegate.h */ = {isa = PBXFileReference; lastKnownFileType = sourcecode.c.h; path = AppDelegate.h; sourceTree = "<group>"; };
		D48724FE1C88A86000E74A33 /* AppDelegate.m */ = {isa = PBXFileReference; lastKnownFileType = sourcecode.c.objc; path = AppDelegate.m; sourceTree = "<group>"; };
		D48725001C88A86000E74A33 /* ViewController.h */ = {isa = PBXFileReference; lastKnownFileType = sourcecode.c.h; path = ViewController.h; sourceTree = "<group>"; };
		D48725011C88A86000E74A33 /* ViewController.m */ = {isa = PBXFileReference; lastKnownFileType = sourcecode.c.objc; path = ViewController.m; sourceTree = "<group>"; };
		D48725061C88A86000E74A33 /* Assets.xcassets */ = {isa = PBXFileReference; lastKnownFileType = folder.assetcatalog; path = Assets.xcassets; sourceTree = "<group>"; };
		D48725091C88A86000E74A33 /* Base */ = {isa = PBXFileReference; lastKnownFileType = file.storyboard; name = Base; path = Base.lproj/LaunchScreen.storyboard; sourceTree = "<group>"; };
		D487250B1C88A86000E74A33 /* Info.plist */ = {isa = PBXFileReference; lastKnownFileType = text.plist.xml; path = Info.plist; sourceTree = "<group>"; };
		D48725121C88D08F00E74A33 /* CustomCell.h */ = {isa = PBXFileReference; fileEncoding = 4; lastKnownFileType = sourcecode.c.h; path = CustomCell.h; sourceTree = "<group>"; };
		D48725131C88D08F00E74A33 /* CustomCell.m */ = {isa = PBXFileReference; fileEncoding = 4; lastKnownFileType = sourcecode.c.objc; path = CustomCell.m; sourceTree = "<group>"; };
/* End PBXFileReference section */

/* Begin PBXFrameworksBuildPhase section */
		D48724F41C88A86000E74A33 /* Frameworks */ = {
			isa = PBXFrameworksBuildPhase;
			buildActionMask = 2147483647;
			files = (
			);
			runOnlyForDeploymentPostprocessing = 0;
		};
/* End PBXFrameworksBuildPhase section */

/* Begin PBXGroup section */
		D48724EE1C88A86000E74A33 = {
			isa = PBXGroup;
			children = (
				D48724F91C88A86000E74A33 /* TableFlip */,
				D48724F81C88A86000E74A33 /* Products */,
			);
			sourceTree = "<group>";
		};
		D48724F81C88A86000E74A33 /* Products */ = {
			isa = PBXGroup;
			children = (
				D48724F71C88A86000E74A33 /* TableFlip.app */,
			);
			name = Products;
			sourceTree = "<group>";
		};
		D48724F91C88A86000E74A33 /* TableFlip */ = {
			isa = PBXGroup;
			children = (
				D48725111C88D07300E74A33 /* Views */,
				D48724FD1C88A86000E74A33 /* AppDelegate.h */,
				D48724FE1C88A86000E74A33 /* AppDelegate.m */,
				D48725001C88A86000E74A33 /* ViewController.h */,
				D48725011C88A86000E74A33 /* ViewController.m */,
				D48725061C88A86000E74A33 /* Assets.xcassets */,
				D48725081C88A86000E74A33 /* LaunchScreen.storyboard */,
				D487250B1C88A86000E74A33 /* Info.plist */,
				D48724FA1C88A86000E74A33 /* Supporting Files */,
			);
			path = TableFlip;
			sourceTree = "<group>";
		};
		D48724FA1C88A86000E74A33 /* Supporting Files */ = {
			isa = PBXGroup;
			children = (
				D48724FB1C88A86000E74A33 /* main.m */,
			);
			name = "Supporting Files";
			sourceTree = "<group>";
		};
		D48725111C88D07300E74A33 /* Views */ = {
			isa = PBXGroup;
			children = (
				D48725121C88D08F00E74A33 /* CustomCell.h */,
				D48725131C88D08F00E74A33 /* CustomCell.m */,
			);
			name = Views;
			sourceTree = "<group>";
		};
/* End PBXGroup section */

/* Begin PBXNativeTarget section */
		D48724F61C88A86000E74A33 /* TableFlip */ = {
			isa = PBXNativeTarget;
			buildConfigurationList = D487250E1C88A86000E74A33 /* Build configuration list for PBXNativeTarget "TableFlip" */;
			buildPhases = (
				D48724F31C88A86000E74A33 /* Sources */,
				D48724F41C88A86000E74A33 /* Frameworks */,
				D48724F51C88A86000E74A33 /* Resources */,
			);
			buildRules = (
			);
			dependencies = (
			);
			name = TableFlip;
			productName = TableFlip;
			productReference = D48724F71C88A86000E74A33 /* TableFlip.app */;
			productType = "com.apple.product-type.application";
		};
/* End PBXNativeTarget section */

/* Begin PBXProject section */
		D48724EF1C88A86000E74A33 /* Project object */ = {
			isa = PBXProject;
			attributes = {
				LastUpgradeCheck = 0720;
				ORGANIZATIONNAME = pso.io;
				TargetAttributes = {
					D48724F61C88A86000E74A33 = {
						CreatedOnToolsVersion = 7.2.1;
					};
				};
			};
			buildConfigurationList = D48724F21C88A86000E74A33 /* Build configuration list for PBXProject "TableFlip" */;
			compatibilityVersion = "Xcode 3.2";
			developmentRegion = English;
			hasScannedForEncodings = 0;
			knownRegions = (
				en,
				Base,
			);
			mainGroup = D48724EE1C88A86000E74A33;
			productRefGroup = D48724F81C88A86000E74A33 /* Products */;
			projectDirPath = "";
			projectRoot = "";
			targets = (
				D48724F61C88A86000E74A33 /* TableFlip */,
			);
		};
/* End PBXProject section */

/* Begin PBXResourcesBuildPhase section */
		D48724F51C88A86000E74A33 /* Resources */ = {
			isa = PBXResourcesBuildPhase;
			buildActionMask = 2147483647;
			files = (
				D487250A1C88A86000E74A33 /* LaunchScreen.storyboard in Resources */,
				D48725071C88A86000E74A33 /* Assets.xcassets in Resources */,
			);
			runOnlyForDeploymentPostprocessing = 0;
		};
/* End PBXResourcesBuildPhase section */

/* Begin PBXSourcesBuildPhase section */
		D48724F31C88A86000E74A33 /* Sources */ = {
			isa = PBXSourcesBuildPhase;
			buildActionMask = 2147483647;
			files = (
				D48725021C88A86000E74A33 /* ViewController.m in Sources */,
				D48724FF1C88A86000E74A33 /* AppDelegate.m in Sources */,
				D48725141C88D08F00E74A33 /* CustomCell.m in Sources */,
				D48724FC1C88A86000E74A33 /* main.m in Sources */,
			);
			runOnlyForDeploymentPostprocessing = 0;
		};
/* End PBXSourcesBuildPhase section */

/* Begin PBXVariantGroup section */
		D48725081C88A86000E74A33 /* LaunchScreen.storyboard */ = {
			isa = PBXVariantGroup;
			children = (
				D48725091C88A86000E74A33 /* Base */,
			);
			name = LaunchScreen.storyboard;
			sourceTree = "<group>";
		};
/* End PBXVariantGroup section */

/* Begin XCBuildConfiguration section */
		D487250C1C88A86000E74A33 /* Debug */ = {
			isa = XCBuildConfiguration;
			buildSettings = {
				ALWAYS_SEARCH_USER_PATHS = NO;
				CLANG_CXX_LANGUAGE_STANDARD = "gnu++0x";
				CLANG_CXX_LIBRARY = "libc++";
				CLANG_ENABLE_MODULES = YES;
				CLANG_ENABLE_OBJC_ARC = YES;
				CLANG_WARN_BOOL_CONVERSION = YES;
				CLANG_WARN_CONSTANT_CONVERSION = YES;
				CLANG_WARN_DIRECT_OBJC_ISA_USAGE = YES_ERROR;
				CLANG_WARN_EMPTY_BODY = YES;
				CLANG_WARN_ENUM_CONVERSION = YES;
				CLANG_WARN_INT_CONVERSION = YES;
				CLANG_WARN_OBJC_ROOT_CLASS = YES_ERROR;
				CLANG_WARN_UNREACHABLE_CODE = YES;
				CLANG_WARN__DUPLICATE_METHOD_MATCH = YES;
				"CODE_SIGN_IDENTITY[sdk=iphoneos*]" = "iPhone Developer";
				COPY_PHASE_STRIP = NO;
				DEBUG_INFORMATION_FORMAT = dwarf;
				ENABLE_STRICT_OBJC_MSGSEND = YES;
				ENABLE_TESTABILITY = YES;
				GCC_C_LANGUAGE_STANDARD = gnu99;
				GCC_DYNAMIC_NO_PIC = NO;
				GCC_NO_COMMON_BLOCKS = YES;
				GCC_OPTIMIZATION_LEVEL = 0;
				GCC_PREPROCESSOR_DEFINITIONS = (
					"DEBUG=1",
					"$(inherited)",
				);
				GCC_WARN_64_TO_32_BIT_CONVERSION = YES;
				GCC_WARN_ABOUT_RETURN_TYPE = YES_ERROR;
				GCC_WARN_UNDECLARED_SELECTOR = YES;
				GCC_WARN_UNINITIALIZED_AUTOS = YES_AGGRESSIVE;
				GCC_WARN_UNUSED_FUNCTION = YES;
				GCC_WARN_UNUSED_VARIABLE = YES;
				IPHONEOS_DEPLOYMENT_TARGET = 9.2;
				MTL_ENABLE_DEBUG_INFO = YES;
				ONLY_ACTIVE_ARCH = YES;
				SDKROOT = iphoneos;
			};
			name = Debug;
		};
		D487250D1C88A86000E74A33 /* Release */ = {
			isa = XCBuildConfiguration;
			buildSettings = {
				ALWAYS_SEARCH_USER_PATHS = NO;
				CLANG_CXX_LANGUAGE_STANDARD = "gnu++0x";
				CLANG_CXX_LIBRARY = "libc++";
				CLANG_ENABLE_MODULES = YES;
				CLANG_ENABLE_OBJC_ARC = YES;
				CLANG_WARN_BOOL_CONVERSION = YES;
				CLANG_WARN_CONSTANT_CONVERSION = YES;
				CLANG_WARN_DIRECT_OBJC_ISA_USAGE = YES_ERROR;
				CLANG_WARN_EMPTY_BODY = YES;
				CLANG_WARN_ENUM_CONVERSION = YES;
				CLANG_WARN_INT_CONVERSION = YES;
				CLANG_WARN_OBJC_ROOT_CLASS = YES_ERROR;
				CLANG_WARN_UNREACHABLE_CODE = YES;
				CLANG_WARN__DUPLICATE_METHOD_MATCH = YES;
				"CODE_SIGN_IDENTITY[sdk=iphoneos*]" = "iPhone Developer";
				COPY_PHASE_STRIP = NO;
				DEBUG_INFORMATION_FORMAT = "dwarf-with-dsym";
				ENABLE_NS_ASSERTIONS = NO;
				ENABLE_STRICT_OBJC_MSGSEND = YES;
				GCC_C_LANGUAGE_STANDARD = gnu99;
				GCC_NO_COMMON_BLOCKS = YES;
				GCC_WARN_64_TO_32_BIT_CONVERSION = YES;
				GCC_WARN_ABOUT_RETURN_TYPE = YES_ERROR;
				GCC_WARN_UNDECLARED_SELECTOR = YES;
				GCC_WARN_UNINITIALIZED_AUTOS = YES_AGGRESSIVE;
				GCC_WARN_UNUSED_FUNCTION = YES;
				GCC_WARN_UNUSED_VARIABLE = YES;
				IPHONEOS_DEPLOYMENT_TARGET = 9.2;
				MTL_ENABLE_DEBUG_INFO = NO;
				SDKROOT = iphoneos;
				VALIDATE_PRODUCT = YES;
			};
			name = Release;
		};
		D487250F1C88A86000E74A33 /* Debug */ = {
			isa = XCBuildConfiguration;
			buildSettings = {
				ASSETCATALOG_COMPILER_APPICON_NAME = AppIcon;
				INFOPLIST_FILE = TableFlip/Info.plist;
				LD_RUNPATH_SEARCH_PATHS = "$(inherited) @executable_path/Frameworks";
				PRODUCT_BUNDLE_IDENTIFIER = io.pso.TableFlip;
				PRODUCT_NAME = "$(TARGET_NAME)";
			};
			name = Debug;
		};
		D48725101C88A86000E74A33 /* Release */ = {
			isa = XCBuildConfiguration;
			buildSettings = {
				ASSETCATALOG_COMPILER_APPICON_NAME = AppIcon;
				INFOPLIST_FILE = TableFlip/Info.plist;
				LD_RUNPATH_SEARCH_PATHS = "$(inherited) @executable_path/Frameworks";
				PRODUCT_BUNDLE_IDENTIFIER = io.pso.TableFlip;
				PRODUCT_NAME = "$(TARGET_NAME)";
			};
			name = Release;
		};
/* End XCBuildConfiguration section */

/* Begin XCConfigurationList section */
		D48724F21C88A86000E74A33 /* Build configuration list for PBXProject "TableFlip" */ = {
			isa = XCConfigurationList;
			buildConfigurations = (
				D487250C1C88A86000E74A33 /* Debug */,
				D487250D1C88A86000E74A33 /* Release */,
			);
			defaultConfigurationIsVisible = 0;
			defaultConfigurationName = Release;
		};
		D487250E1C88A86000E74A33 /* Build configuration list for PBXNativeTarget "TableFlip" */ = {
			isa = XCConfigurationList;
			buildConfigurations = (
				D487250F1C88A86000E74A33 /* Debug */,
				D48725101C88A86000E74A33 /* Release */,
			);
			defaultConfigurationIsVisible = 0;
		};
/* End XCConfigurationList section */
	};
	rootObject = D48724EF1C88A86000E74A33 /* Project object */;
}
